colors:
  overlay-color: 'rgba(133, 159, 159, 0.5)'
  background-color: '#EFEBE6'
  textarea-background-color: '#FFFFFF'
  border-color: '#FFFFFF'
  heading-color: '#FFFFFF'
  hover-overlay-color: '#2f3031'
  textarea-color: '#2f3031'
  button-background-color: '#D2966D'
  button-text-color: '#2f3031'
fonts:
  heading-font: Shrikhand, cursive
  subheading-font: Shrikhand, cursive
  areatext-font: Poppins, sans-serif

  
    